Microsoft Visual Studio Solution File, Format Version 12.00
# Visual Studio Version 17
VisualStudioVersion = 17.5.2.0
MinimumVisualStudioVersion = 10.0.40219.1
Project("{FAE04EC0-301F-11D3-BF4B-00C04F79EFBC}") = "Educafinancy.Api", "Educafinancy.Api\Educafinancy.Api.csproj", "{1A045D5A-646E-8844-D1DB-0EAB013886D9}"
EndProject
Global
	GlobalSection(SolutionConfigurationPlatforms) = preSolution
		Debug|Any CPU = Debug|Any CPU
		Release|Any CPU = Release|Any CPU
	EndGlobalSection
	GlobalSection(ProjectConfigurationPlatforms) = postSolution
		{1A045D5A-646E-8844-D1DB-0EAB013886D9}.Debug|Any CPU.ActiveCfg = Debug|Any CPU
		{1A045D5A-646E-8844-D1DB-0EAB013886D9}.Debug|Any CPU.Build.0 = Debug|Any CPU
		{1A045D5A-646E-8844-D1DB-0EAB013886D9}.Release|Any CPU.ActiveCfg = Release|Any CPU
		{1A045D5A-646E-8844-D1DB-0EAB013886D9}.Release|Any CPU.Build.0 = Release|Any CPU
	EndGlobalSection
	GlobalSection(SolutionProperties) = preSolution
		HideSolutionNode = FALSE
	EndGlobalSection
	GlobalSection(ExtensibilityGlobals) = postSolution
		SolutionGuid = {DEEA8564-0FF5-4410-A8D7-091C18AE75EA}
	EndGlobalSection
EndGlobal
